
Microsoft Visual Studio Solution File, Format Version 12.00
# Visual Studio 2012
Project("{FAE04EC0-301F-11D3-BF4B-00C04F79EFBC}") = "MadLibs", "MadLibs\MadLibs.csproj", "{F080CABF-DAA3-418A-96FE-B1B834925A50}"
EndProject
Global
	GlobalSection(SolutionConfigurationPlatforms) = preSolution
		Debug|Any CPU = Debug|Any CPU
		Release|Any CPU = Release|Any CPU
	EndGlobalSection
	GlobalSection(ProjectConfigurationPlatforms) = postSolution
		{F080CABF-DAA3-418A-96FE-B1B834925A50}.Debug|Any CPU.ActiveCfg = Debug|Any CPU
		{F080CABF-DAA3-418A-96FE-B1B834925A50}.Debug|Any CPU.Build.0 = Debug|Any CPU
		{F080CABF-DAA3-418A-96FE-B1B834925A50}.Release|Any CPU.ActiveCfg = Release|Any CPU
		{F080CABF-DAA3-418A-96FE-B1B834925A50}.Release|Any CPU.Build.0 = Release|Any CPU
	EndGlobalSection
	GlobalSection(SolutionProperties) = preSolution
		HideSolutionNode = FALSE
	EndGlobalSection
EndGlobal
